
Microsoft Visual Studio Solution File, Format Version 12.00
# Visual Studio 14
VisualStudioVersion = 14.0.25420.1
MinimumVisualStudioVersion = 10.0.40219.1
Project("{FAE04EC0-301F-11D3-BF4B-00C04F79EFBC}") = "PL", "P\PL.csproj", "{0E30FAD5-67A8-449B-A8E5-7C9EB82FA3AB}"
EndProject
Project("{FAE04EC0-301F-11D3-BF4B-00C04F79EFBC}") = "DAL", "..\MarketClient\DAL.csproj", "{371E8EA8-CE7A-4AB2-85E5-EAC135DF4A26}"
EndProject
Project("{FAE04EC0-301F-11D3-BF4B-00C04F79EFBC}") = "BL", "ClassLibrary1\BL.csproj", "{A9029D25-2343-4F69-9DCB-F6C8A1E83B17}"
EndProject
Global
	GlobalSection(SolutionConfigurationPlatforms) = preSolution
		Debug|Any CPU = Debug|Any CPU
		Release|Any CPU = Release|Any CPU
	EndGlobalSection
	GlobalSection(ProjectConfigurationPlatforms) = postSolution
		{0E30FAD5-67A8-449B-A8E5-7C9EB82FA3AB}.Debug|Any CPU.ActiveCfg = Debug|Any CPU
		{0E30FAD5-67A8-449B-A8E5-7C9EB82FA3AB}.Debug|Any CPU.Build.0 = Debug|Any CPU
		{0E30FAD5-67A8-449B-A8E5-7C9EB82FA3AB}.Release|Any CPU.ActiveCfg = Release|Any CPU
		{0E30FAD5-67A8-449B-A8E5-7C9EB82FA3AB}.Release|Any CPU.Build.0 = Release|Any CPU
		{371E8EA8-CE7A-4AB2-85E5-EAC135DF4A26}.Debug|Any CPU.ActiveCfg = Debug|Any CPU
		{371E8EA8-CE7A-4AB2-85E5-EAC135DF4A26}.Debug|Any CPU.Build.0 = Debug|Any CPU
		{371E8EA8-CE7A-4AB2-85E5-EAC135DF4A26}.Release|Any CPU.ActiveCfg = Release|Any CPU
		{371E8EA8-CE7A-4AB2-85E5-EAC135DF4A26}.Release|Any CPU.Build.0 = Release|Any CPU
		{A9029D25-2343-4F69-9DCB-F6C8A1E83B17}.Debug|Any CPU.ActiveCfg = Debug|Any CPU
		{A9029D25-2343-4F69-9DCB-F6C8A1E83B17}.Debug|Any CPU.Build.0 = Debug|Any CPU
		{A9029D25-2343-4F69-9DCB-F6C8A1E83B17}.Release|Any CPU.ActiveCfg = Release|Any CPU
		{A9029D25-2343-4F69-9DCB-F6C8A1E83B17}.Release|Any CPU.Build.0 = Release|Any CPU
	EndGlobalSection
	GlobalSection(SolutionProperties) = preSolution
		HideSolutionNode = FALSE
	EndGlobalSection
EndGlobal
